// !$*UTF8*$!
{
	archiveVersion = 1;
	classes = {
	};
	objectVersion = 50;
	objects = {

/* Begin PBXBuildFile section */
		DAEC2AA725629A4A00B3ABBB /* AppDelegate.swift in Sources */ = {isa = PBXBuildFile; fileRef = DAEC2AA625629A4A00B3ABBB /* AppDelegate.swift */; };
		DAEC2AA925629A4A00B3ABBB /* SceneDelegate.swift in Sources */ = {isa = PBXBuildFile; fileRef = DAEC2AA825629A4A00B3ABBB /* SceneDelegate.swift */; };
		DAEC2AAB25629A4A00B3ABBB /* ViewController.swift in Sources */ = {isa = PBXBuildFile; fileRef = DAEC2AAA25629A4A00B3ABBB /* ViewController.swift */; };
		DAEC2AAE25629A4A00B3ABBB /* Main.storyboard in Resources */ = {isa = PBXBuildFile; fileRef = DAEC2AAC25629A4A00B3ABBB /* Main.storyboard */; };
		DAEC2AB025629A4E00B3ABBB /* Assets.xcassets in Resources */ = {isa = PBXBuildFile; fileRef = DAEC2AAF25629A4E00B3ABBB /* Assets.xcassets */; };
		DAEC2AB325629A4E00B3ABBB /* LaunchScreen.storyboard in Resources */ = {isa = PBXBuildFile; fileRef = DAEC2AB125629A4E00B3ABBB /* LaunchScreen.storyboard */; };
/* End PBXBuildFile section */

/* Begin PBXFileReference section */
		DAEC2AA325629A4A00B3ABBB /* EquationRenderer.app */ = {isa = PBXFileReference; explicitFileType = wrapper.application; includeInIndex = 0; path = EquationRenderer.app; sourceTree = BUILT_PRODUCTS_DIR; };
		DAEC2AA625629A4A00B3ABBB /* AppDelegate.swift */ = {isa = PBXFileReference; lastKnownFileType = sourcecode.swift; path = AppDelegate.swift; sourceTree = "<group>"; };
		DAEC2AA825629A4A00B3ABBB /* SceneDelegate.swift */ = {isa = PBXFileReference; lastKnownFileType = sourcecode.swift; path = SceneDelegate.swift; sourceTree = "<group>"; };
		DAEC2AAA25629A4A00B3ABBB /* ViewController.swift */ = {isa = PBXFileReference; lastKnownFileType = sourcecode.swift; path = ViewController.swift; sourceTree = "<group>"; };
		DAEC2AAD25629A4A00B3ABBB /* Base */ = {isa = PBXFileReference; lastKnownFileType = file.storyboard; name = Base; path = Base.lproj/Main.storyboard; sourceTree = "<group>"; };
		DAEC2AAF25629A4E00B3ABBB /* Assets.xcassets */ = {isa = PBXFileReference; lastKnownFileType = folder.assetcatalog; path = Assets.xcassets; sourceTree = "<group>"; };
		DAEC2AB225629A4E00B3ABBB /* Base */ = {isa = PBXFileReference; lastKnownFileType = file.storyboard; name = Base; path = Base.lproj/LaunchScreen.storyboard; sourceTree = "<group>"; };
		DAEC2AB425629A4E00B3ABBB /* Info.plist */ = {isa = PBXFileReference; lastKnownFileType = text.plist.xml; path = Info.plist; sourceTree = "<group>"; };
/* End PBXFileReference section */

/* Begin PBXFrameworksBuildPhase section */
		DAEC2AA025629A4A00B3ABBB /* Frameworks */ = {
			isa = PBXFrameworksBuildPhase;
			buildActionMask = 2147483647;
			files = (
			);
			runOnlyForDeploymentPostprocessing = 0;
		};
/* End PBXFrameworksBuildPhase section */

/* Begin PBXGroup section */
		DAEC2A9A25629A4A00B3ABBB = {
			isa = PBXGroup;
			children = (
				DAEC2AA525629A4A00B3ABBB /* EquationRenderer */,
				DAEC2AA425629A4A00B3ABBB /* Products */,
			);
			sourceTree = "<group>";
		};
		DAEC2AA425629A4A00B3ABBB /* Products */ = {
			isa = PBXGroup;
			children = (
				DAEC2AA325629A4A00B3ABBB /* EquationRenderer.app */,
			);
			name = Products;
			sourceTree = "<group>";
		};
		DAEC2AA525629A4A00B3ABBB /* EquationRenderer */ = {
			isa = PBXGroup;
			children = (
				DAEC2AA625629A4A00B3ABBB /* AppDelegate.swift */,
				DAEC2AA825629A4A00B3ABBB /* SceneDelegate.swift */,
				DAEC2AAA25629A4A00B3ABBB /* ViewController.swift */,
				DAEC2AAC25629A4A00B3ABBB /* Main.storyboard */,
				DAEC2AAF25629A4E00B3ABBB /* Assets.xcassets */,
				DAEC2AB125629A4E00B3ABBB /* LaunchScreen.storyboard */,
				DAEC2AB425629A4E00B3ABBB /* Info.plist */,
			);
			path = EquationRenderer;
			sourceTree = "<group>";
		};
/* End PBXGroup section */

/* Begin PBXNativeTarget section */
		DAEC2AA225629A4A00B3ABBB /* EquationRenderer */ = {
			isa = PBXNativeTarget;
			buildConfigurationList = DAEC2AB725629A4E00B3ABBB /* Build configuration list for PBXNativeTarget "EquationRenderer" */;
			buildPhases = (
				DAEC2A9F25629A4A00B3ABBB /* Sources */,
				DAEC2AA025629A4A00B3ABBB /* Frameworks */,
				DAEC2AA125629A4A00B3ABBB /* Resources */,
			);
			buildRules = (
			);
			dependencies = (
			);
			name = EquationRenderer;
			productName = EquationRenderer;
			productReference = DAEC2AA325629A4A00B3ABBB /* EquationRenderer.app */;
			productType = "com.apple.product-type.application";
		};
/* End PBXNativeTarget section */

/* Begin PBXProject section */
		DAEC2A9B25629A4A00B3ABBB /* Project object */ = {
			isa = PBXProject;
			attributes = {
				LastSwiftUpdateCheck = 1140;
				LastUpgradeCheck = 1140;
				ORGANIZATIONNAME = "Amit Chaudhary";
				TargetAttributes = {
					DAEC2AA225629A4A00B3ABBB = {
						CreatedOnToolsVersion = 11.4.1;
					};
				};
			};
			buildConfigurationList = DAEC2A9E25629A4A00B3ABBB /* Build configuration list for PBXProject "EquationRenderer" */;
			compatibilityVersion = "Xcode 9.3";
			developmentRegion = en;
			hasScannedForEncodings = 0;
			knownRegions = (
				en,
				Base,
			);
			mainGroup = DAEC2A9A25629A4A00B3ABBB;
			productRefGroup = DAEC2AA425629A4A00B3ABBB /* Products */;
			projectDirPath = "";
			projectRoot = "";
			targets = (
				DAEC2AA225629A4A00B3ABBB /* EquationRenderer */,
			);
		};
/* End PBXProject section */

/* Begin PBXResourcesBuildPhase section */
		DAEC2AA125629A4A00B3ABBB /* Resources */ = {
			isa = PBXResourcesBuildPhase;
			buildActionMask = 2147483647;
			files = (
				DAEC2AB325629A4E00B3ABBB /* LaunchScreen.storyboard in Resources */,
				DAEC2AB025629A4E00B3ABBB /* Assets.xcassets in Resources */,
				DAEC2AAE25629A4A00B3ABBB /* Main.storyboard in Resources */,
			);
			runOnlyForDeploymentPostprocessing = 0;
		};
/* End PBXResourcesBuildPhase section */

/* Begin PBXSourcesBuildPhase section */
		DAEC2A9F25629A4A00B3ABBB /* Sources */ = {
			isa = PBXSourcesBuildPhase;
			buildActionMask = 2147483647;
			files = (
				DAEC2AAB25629A4A00B3ABBB /* ViewController.swift in Sources */,
				DAEC2AA725629A4A00B3ABBB /* AppDelegate.swift in Sources */,
				DAEC2AA925629A4A00B3ABBB /* SceneDelegate.swift in Sources */,
			);
			runOnlyForDeploymentPostprocessing = 0;
		};
/* End PBXSourcesBuildPhase section */

/* Begin PBXVariantGroup section */
		DAEC2AAC25629A4A00B3ABBB /* Main.storyboard */ = {
			isa = PBXVariantGroup;
			children = (
				DAEC2AAD25629A4A00B3ABBB /* Base */,
			);
			name = Main.storyboard;
			sourceTree = "<group>";
		};
		DAEC2AB125629A4E00B3ABBB /* LaunchScreen.storyboard */ = {
			isa = PBXVariantGroup;
			children = (
				DAEC2AB225629A4E00B3ABBB /* Base */,
			);
			name = LaunchScreen.storyboard;
			sourceTree = "<group>";
		};
/* End PBXVariantGroup section */

/* Begin XCBuildConfiguration section */
		DAEC2AB525629A4E00B3ABBB /* Debug */ = {
			isa = XCBuildConfiguration;
			buildSettings = {
				ALWAYS_SEARCH_USER_PATHS = NO;
				CLANG_ANALYZER_NONNULL = YES;
				CLANG_ANALYZER_NUMBER_OBJECT_CONVERSION = YES_AGGRESSIVE;
				CLANG_CXX_LANGUAGE_STANDARD = "gnu++14";
				CLANG_CXX_LIBRARY = "libc++";
				CLANG_ENABLE_MODULES = YES;
				CLANG_ENABLE_OBJC_ARC = YES;
				CLANG_ENABLE_OBJC_WEAK = YES;
				CLANG_WARN_BLOCK_CAPTURE_AUTORELEASING = YES;
				CLANG_WARN_BOOL_CONVERSION = YES;
				CLANG_WARN_COMMA = YES;
				CLANG_WARN_CONSTANT_CONVERSION = YES;
				CLANG_WARN_DEPRECATED_OBJC_IMPLEMENTATIONS = YES;
				CLANG_WARN_DIRECT_OBJC_ISA_USAGE = YES_ERROR;
				CLANG_WARN_DOCUMENTATION_COMMENTS = YES;
				CLANG_WARN_EMPTY_BODY = YES;
				CLANG_WARN_ENUM_CONVERSION = YES;
				CLANG_WARN_INFINITE_RECURSION = YES;
				CLANG_WARN_INT_CONVERSION = YES;
				CLANG_WARN_NON_LITERAL_NULL_CONVERSION = YES;
				CLANG_WARN_OBJC_IMPLICIT_RETAIN_SELF = YES;
				CLANG_WARN_OBJC_LITERAL_CONVERSION = YES;
				CLANG_WARN_OBJC_ROOT_CLASS = YES_ERROR;
				CLANG_WARN_RANGE_LOOP_ANALYSIS = YES;
				CLANG_WARN_STRICT_PROTOTYPES = YES;
				CLANG_WARN_SUSPICIOUS_MOVE = YES;
				CLANG_WARN_UNGUARDED_AVAILABILITY = YES_AGGRESSIVE;
				CLANG_WARN_UNREACHABLE_CODE = YES;
				CLANG_WARN__DUPLICATE_METHOD_MATCH = YES;
				COPY_PHASE_STRIP = NO;
				DEBUG_INFORMATION_FORMAT = dwarf;
				ENABLE_STRICT_OBJC_MSGSEND = YES;
				ENABLE_TESTABILITY = YES;
				GCC_C_LANGUAGE_STANDARD = gnu11;
				GCC_DYNAMIC_NO_PIC = NO;
				GCC_NO_COMMON_BLOCKS = YES;
				GCC_OPTIMIZATION_LEVEL = 0;
				GCC_PREPROCESSOR_DEFINITIONS = (
					"DEBUG=1",
					"$(inherited)",
				);
				GCC_WARN_64_TO_32_BIT_CONVERSION = YES;
				GCC_WARN_ABOUT_RETURN_TYPE = YES_ERROR;
				GCC_WARN_UNDECLARED_SELECTOR = YES;
				GCC_WARN_UNINITIALIZED_AUTOS = YES_AGGRESSIVE;
				GCC_WARN_UNUSED_FUNCTION = YES;
				GCC_WARN_UNUSED_VARIABLE = YES;
				IPHONEOS_DEPLOYMENT_TARGET = 13.4;
				MTL_ENABLE_DEBUG_INFO = INCLUDE_SOURCE;
				MTL_FAST_MATH = YES;
				ONLY_ACTIVE_ARCH = YES;
				SDKROOT = iphoneos;
				SWIFT_ACTIVE_COMPILATION_CONDITIONS = DEBUG;
				SWIFT_OPTIMIZATION_LEVEL = "-Onone";
			};
			name = Debug;
		};
		DAEC2AB625629A4E00B3ABBB /* Release */ = {
			isa = XCBuildConfiguration;
			buildSettings = {
				ALWAYS_SEARCH_USER_PATHS = NO;
				CLANG_ANALYZER_NONNULL = YES;
				CLANG_ANALYZER_NUMBER_OBJECT_CONVERSION = YES_AGGRESSIVE;
				CLANG_CXX_LANGUAGE_STANDARD = "gnu++14";
				CLANG_CXX_LIBRARY = "libc++";
				CLANG_ENABLE_MODULES = YES;
				CLANG_ENABLE_OBJC_ARC = YES;
				CLANG_ENABLE_OBJC_WEAK = YES;
				CLANG_WARN_BLOCK_CAPTURE_AUTORELEASING = YES;
				CLANG_WARN_BOOL_CONVERSION = YES;
				CLANG_WARN_COMMA = YES;
				CLANG_WARN_CONSTANT_CONVERSION = YES;
				CLANG_WARN_DEPRECATED_OBJC_IMPLEMENTATIONS = YES;
				CLANG_WARN_DIRECT_OBJC_ISA_USAGE = YES_ERROR;
				CLANG_WARN_DOCUMENTATION_COMMENTS = YES;
				CLANG_WARN_EMPTY_BODY = YES;
				CLANG_WARN_ENUM_CONVERSION = YES;
				CLANG_WARN_INFINITE_RECURSION = YES;
				CLANG_WARN_INT_CONVERSION = YES;
				CLANG_WARN_NON_LITERAL_NULL_CONVERSION = YES;
				CLANG_WARN_OBJC_IMPLICIT_RETAIN_SELF = YES;
				CLANG_WARN_OBJC_LITERAL_CONVERSION = YES;
				CLANG_WARN_OBJC_ROOT_CLASS = YES_ERROR;
				CLANG_WARN_RANGE_LOOP_ANALYSIS = YES;
				CLANG_WARN_STRICT_PROTOTYPES = YES;
				CLANG_WARN_SUSPICIOUS_MOVE = YES;
				CLANG_WARN_UNGUARDED_AVAILABILITY = YES_AGGRESSIVE;
				CLANG_WARN_UNREACHABLE_CODE = YES;
				CLANG_WARN__DUPLICATE_METHOD_MATCH = YES;
				COPY_PHASE_STRIP = NO;
				DEBUG_INFORMATION_FORMAT = "dwarf-with-dsym";
				ENABLE_NS_ASSERTIONS = NO;
				ENABLE_STRICT_OBJC_MSGSEND = YES;
				GCC_C_LANGUAGE_STANDARD = gnu11;
				GCC_NO_COMMON_BLOCKS = YES;
				GCC_WARN_64_TO_32_BIT_CONVERSION = YES;
				GCC_WARN_ABOUT_RETURN_TYPE = YES_ERROR;
				GCC_WARN_UNDECLARED_SELECTOR = YES;
				GCC_WARN_UNINITIALIZED_AUTOS = YES_AGGRESSIVE;
				GCC_WARN_UNUSED_FUNCTION = YES;
				GCC_WARN_UNUSED_VARIABLE = YES;
				IPHONEOS_DEPLOYMENT_TARGET = 13.4;
				MTL_ENABLE_DEBUG_INFO = NO;
				MTL_FAST_MATH = YES;
				SDKROOT = iphoneos;
				SWIFT_COMPILATION_MODE = wholemodule;
				SWIFT_OPTIMIZATION_LEVEL = "-O";
				VALIDATE_PRODUCT = YES;
			};
			name = Release;
		};
		DAEC2AB825629A4E00B3ABBB /* Debug */ = {
			isa = XCBuildConfiguration;
			buildSettings = {
				ASSETCATALOG_COMPILER_APPICON_NAME = AppIcon;
				CODE_SIGN_STYLE = Automatic;
				DEVELOPMENT_TEAM = 3Y8AYV8D5R;
				INFOPLIST_FILE = EquationRenderer/Info.plist;
				LD_RUNPATH_SEARCH_PATHS = (
					"$(inherited)",
					"@executable_path/Frameworks",
				);
				PRODUCT_BUNDLE_IDENTIFIER = com.2020.EquationRenderer;
				PRODUCT_NAME = "$(TARGET_NAME)";
				SWIFT_VERSION = 5.0;
				TARGETED_DEVICE_FAMILY = "1,2";
			};
			name = Debug;
		};
		DAEC2AB925629A4E00B3ABBB /* Release */ = {
			isa = XCBuildConfiguration;
			buildSettings = {
				ASSETCATALOG_COMPILER_APPICON_NAME = AppIcon;
				CODE_SIGN_STYLE = Automatic;
				DEVELOPMENT_TEAM = 3Y8AYV8D5R;
				INFOPLIST_FILE = EquationRenderer/Info.plist;
				LD_RUNPATH_SEARCH_PATHS = (
					"$(inherited)",
					"@executable_path/Frameworks",
				);
				PRODUCT_BUNDLE_IDENTIFIER = com.2020.EquationRenderer;
				PRODUCT_NAME = "$(TARGET_NAME)";
				SWIFT_VERSION = 5.0;
				TARGETED_DEVICE_FAMILY = "1,2";
			};
			name = Release;
		};
/* End XCBuildConfiguration section */

/* Begin XCConfigurationList section */
		DAEC2A9E25629A4A00B3ABBB /* Build configuration list for PBXProject "EquationRenderer" */ = {
			isa = XCConfigurationList;
			buildConfigurations = (
				DAEC2AB525629A4E00B3ABBB /* Debug */,
				DAEC2AB625629A4E00B3ABBB /* Release */,
			);
			defaultConfigurationIsVisible = 0;
			defaultConfigurationName = Release;
		};
		DAEC2AB725629A4E00B3ABBB /* Build configuration list for PBXNativeTarget "EquationRenderer" */ = {
			isa = XCConfigurationList;
			buildConfigurations = (
				DAEC2AB825629A4E00B3ABBB /* Debug */,
				DAEC2AB925629A4E00B3ABBB /* Release */,
			);
			defaultConfigurationIsVisible = 0;
			defaultConfigurationName = Release;
		};
/* End XCConfigurationList section */
	};
	rootObject = DAEC2A9B25629A4A00B3ABBB /* Project object */;
}
